
Microsoft Visual Studio Solution File, Format Version 12.00
# Visual Studio Version 16
VisualStudioVersion = 16.0.31605.320
MinimumVisualStudioVersion = 10.0.40219.1
Project("{9A19103F-16F7-4668-BE54-9A1E7A4F7556}") = "SQLtest", "SQLtest\SQLtest.csproj", "{1AA58D2A-A8AB-400B-B250-1F3ECE0E2669}"
EndProject
Project("{2150E333-8FDC-42A3-9474-1A3956D46DE8}") = "Solution Items", "Solution Items", "{85FD3D41-E779-4452-8A67-70D7504E3E0A}"
	ProjectSection(SolutionItems) = preProject
		README.txt = README.txt
	EndProjectSection
EndProject
Project("{9A19103F-16F7-4668-BE54-9A1E7A4F7556}") = "MethaneTest", "MethaneTest\MethaneTest.csproj", "{442AFB7F-B11F-4793-B697-55009B7ECD9A}"
EndProject
Project("{FAE04EC0-301F-11D3-BF4B-00C04F79EFBC}") = "NetCDFTest", "NetCDFTest\NetCDFTest.csproj", "{90AA9E42-84C7-4449-A4B0-3780F8478934}"
EndProject
Global
	GlobalSection(SolutionConfigurationPlatforms) = preSolution
		Debug|Any CPU = Debug|Any CPU
		Release|Any CPU = Release|Any CPU
	EndGlobalSection
	GlobalSection(ProjectConfigurationPlatforms) = postSolution
		{1AA58D2A-A8AB-400B-B250-1F3ECE0E2669}.Debug|Any CPU.ActiveCfg = Debug|Any CPU
		{1AA58D2A-A8AB-400B-B250-1F3ECE0E2669}.Debug|Any CPU.Build.0 = Debug|Any CPU
		{1AA58D2A-A8AB-400B-B250-1F3ECE0E2669}.Release|Any CPU.ActiveCfg = Release|Any CPU
		{1AA58D2A-A8AB-400B-B250-1F3ECE0E2669}.Release|Any CPU.Build.0 = Release|Any CPU
		{442AFB7F-B11F-4793-B697-55009B7ECD9A}.Debug|Any CPU.ActiveCfg = Debug|Any CPU
		{442AFB7F-B11F-4793-B697-55009B7ECD9A}.Debug|Any CPU.Build.0 = Debug|Any CPU
		{442AFB7F-B11F-4793-B697-55009B7ECD9A}.Release|Any CPU.ActiveCfg = Release|Any CPU
		{442AFB7F-B11F-4793-B697-55009B7ECD9A}.Release|Any CPU.Build.0 = Release|Any CPU
		{90AA9E42-84C7-4449-A4B0-3780F8478934}.Debug|Any CPU.ActiveCfg = Debug|Any CPU
		{90AA9E42-84C7-4449-A4B0-3780F8478934}.Debug|Any CPU.Build.0 = Debug|Any CPU
		{90AA9E42-84C7-4449-A4B0-3780F8478934}.Release|Any CPU.ActiveCfg = Release|Any CPU
		{90AA9E42-84C7-4449-A4B0-3780F8478934}.Release|Any CPU.Build.0 = Release|Any CPU
	EndGlobalSection
	GlobalSection(SolutionProperties) = preSolution
		HideSolutionNode = FALSE
	EndGlobalSection
	GlobalSection(ExtensibilityGlobals) = postSolution
		SolutionGuid = {B002A91A-A1D1-41C0-BBA2-F37AD8C2539B}
	EndGlobalSection
EndGlobal
